# THIS IS AN AUTOGENERATED FILE. DO NOT EDIT THIS FILE DIRECTLY.
# yarn lockfile v1


"@babel/code-frame@7.12.11":
  version "7.12.11"
  resolved "https://registry.npmjs.org/@babel/code-frame/-/code-frame-7.12.11.tgz"
  dependencies:
    "@babel/highlight" "^7.10.4"

"@babel/helper-validator-identifier@^7.12.11":
  version "7.12.11"
  resolved "https://registry.npmjs.org/@babel/helper-validator-identifier/-/helper-validator-identifier-7.12.11.tgz"

"@babel/highlight@^7.10.4":
  version "7.13.10"
  resolved "https://registry.npmjs.org/@babel/highlight/-/highlight-7.13.10.tgz"
  dependencies:
    "@babel/helper-validator-identifier" "^7.12.11"
    chalk "^2.0.0"
    js-tokens "^4.0.0"

"@babel/runtime@7.12.5":
  version "7.12.5"
  resolved "https://registry.npmjs.org/@babel/runtime/-/runtime-7.12.5.tgz"
  dependencies:
    regenerator-runtime "^0.13.4"

"@babel/types@7.8.3":
  version "7.8.3"
  resolved "https://registry.npmjs.org/@babel/types/-/types-7.8.3.tgz"
  dependencies:
    esutils "^2.0.2"
    lodash "^4.17.13"
    to-fast-properties "^2.0.0"

"@hapi/accept@5.0.1":
  version "5.0.1"
  resolved "https://registry.npmjs.org/@hapi/accept/-/accept-5.0.1.tgz"
  dependencies:
    "@hapi/boom" "9.x.x"
    "@hapi/hoek" "9.x.x"

"@hapi/boom@9.x.x":
  version "9.1.1"
  resolved "https://registry.npmjs.org/@hapi/boom/-/boom-9.1.1.tgz"
  dependencies:
    "@hapi/hoek" "9.x.x"

"@hapi/hoek@9.x.x":
  version "9.1.1"
  resolved "https://registry.npmjs.org/@hapi/hoek/-/hoek-9.1.1.tgz"

"@next/env@10.0.8":
  version "10.0.8"
  resolved "https://registry.npmjs.org/@next/env/-/env-10.0.8.tgz"

"@next/polyfill-module@10.0.8":
  version "10.0.8"
  resolved "https://registry.npmjs.org/@next/polyfill-module/-/polyfill-module-10.0.8.tgz"

"@next/react-dev-overlay@10.0.8":
  version "10.0.8"
  resolved "https://registry.npmjs.org/@next/react-dev-overlay/-/react-dev-overlay-10.0.8.tgz"
  dependencies:
    "@babel/code-frame" "7.12.11"
    anser "1.4.9"
    chalk "4.0.0"
    classnames "2.2.6"
    css.escape "1.5.1"
    data-uri-to-buffer "3.0.1"
    platform "1.3.6"
    shell-quote "1.7.2"
    source-map "0.8.0-beta.0"
    stacktrace-parser "0.1.10"
    strip-ansi "6.0.0"

"@next/react-refresh-utils@10.0.8":
  version "10.0.8"
  resolved "https://registry.npmjs.org/@next/react-refresh-utils/-/react-refresh-utils-10.0.8.tgz"

"@opentelemetry/api@0.14.0":
  version "0.14.0"
  resolved "https://registry.npmjs.org/@opentelemetry/api/-/api-0.14.0.tgz"
  dependencies:
    "@opentelemetry/context-base" "^0.14.0"

"@opentelemetry/context-base@^0.14.0":
  version "0.14.0"
  resolved "https://registry.npmjs.org/@opentelemetry/context-base/-/context-base-0.14.0.tgz"

"@types/node@^14.0.13":
  version "14.0.13"
  resolved "https://registry.npmjs.org/@types/node/-/node-14.0.13.tgz"

"@types/prop-types@*":
  version "15.7.3"
  resolved "https://registry.npmjs.org/@types/prop-types/-/prop-types-15.7.3.tgz"

"@types/react@^16.9.36":
  version "16.9.36"
  resolved "https://registry.npmjs.org/@types/react/-/react-16.9.36.tgz"
  dependencies:
    "@types/prop-types" "*"
    csstype "^2.2.0"

"@types/unist@^2.0.0", "@types/unist@^2.0.2":
  version "2.0.3"
  resolved "https://registry.npmjs.org/@types/unist/-/unist-2.0.3.tgz"

anser@1.4.9:
  version "1.4.9"
  resolved "https://registry.npmjs.org/anser/-/anser-1.4.9.tgz"

ansi-regex@^5.0.0:
  version "5.0.0"
  resolved "https://registry.npmjs.org/ansi-regex/-/ansi-regex-5.0.0.tgz"

ansi-styles@^3.2.1:
  version "3.2.1"
  resolved "https://registry.npmjs.org/ansi-styles/-/ansi-styles-3.2.1.tgz"
  dependencies:
    color-convert "^1.9.0"

ansi-styles@^4.1.0:
  version "4.3.0"
  resolved "https://registry.npmjs.org/ansi-styles/-/ansi-styles-4.3.0.tgz"
  dependencies:
    color-convert "^2.0.1"

anymatch@~3.1.1:
  version "3.1.1"
  resolved "https://registry.npmjs.org/anymatch/-/anymatch-3.1.1.tgz"
  dependencies:
    normalize-path "^3.0.0"
    picomatch "^2.0.4"

argparse@^1.0.7:
  version "1.0.10"
  resolved "https://registry.npmjs.org/argparse/-/argparse-1.0.10.tgz"
  dependencies:
    sprintf-js "~1.0.2"

asn1.js@^5.2.0:
  version "5.4.1"
  resolved "https://registry.npmjs.org/asn1.js/-/asn1.js-5.4.1.tgz"
  dependencies:
    bn.js "^4.0.0"
    inherits "^2.0.1"
    minimalistic-assert "^1.0.0"
    safer-buffer "^2.1.0"

assert@^1.1.1:
  version "1.5.0"
  resolved "https://registry.npmjs.org/assert/-/assert-1.5.0.tgz"
  dependencies:
    object-assign "^4.1.1"
    util "0.10.3"

ast-types@0.13.2:
  version "0.13.2"
  resolved "https://registry.npmjs.org/ast-types/-/ast-types-0.13.2.tgz"

babel-plugin-syntax-jsx@6.18.0:
  version "6.18.0"
  resolved "https://registry.npmjs.org/babel-plugin-syntax-jsx/-/babel-plugin-syntax-jsx-6.18.0.tgz"

bail@^1.0.0:
  version "1.0.5"
  resolved "https://registry.npmjs.org/bail/-/bail-1.0.5.tgz"

base64-js@^1.0.2:
  version "1.5.1"
  resolved "https://registry.npmjs.org/base64-js/-/base64-js-1.5.1.tgz"

big.js@^5.2.2:
  version "5.2.2"
  resolved "https://registry.npmjs.org/big.js/-/big.js-5.2.2.tgz"

binary-extensions@^2.0.0:
  version "2.2.0"
  resolved "https://registry.npmjs.org/binary-extensions/-/binary-extensions-2.2.0.tgz"

bn.js@^4.0.0, bn.js@^4.1.0, bn.js@^4.11.9:
  version "4.12.0"
  resolved "https://registry.npmjs.org/bn.js/-/bn.js-4.12.0.tgz"

bn.js@^5.0.0, bn.js@^5.1.1:
  version "5.2.0"
  resolved "https://registry.npmjs.org/bn.js/-/bn.js-5.2.0.tgz"

braces@~3.0.2:
  version "3.0.2"
  resolved "https://registry.npmjs.org/braces/-/braces-3.0.2.tgz"
  dependencies:
    fill-range "^7.0.1"

brorand@^1.0.1, brorand@^1.1.0:
  version "1.1.0"
  resolved "https://registry.npmjs.org/brorand/-/brorand-1.1.0.tgz"

browserify-aes@^1.0.0, browserify-aes@^1.0.4:
  version "1.2.0"
  resolved "https://registry.npmjs.org/browserify-aes/-/browserify-aes-1.2.0.tgz"
  dependencies:
    buffer-xor "^1.0.3"
    cipher-base "^1.0.0"
    create-hash "^1.1.0"
    evp_bytestokey "^1.0.3"
    inherits "^2.0.1"
    safe-buffer "^5.0.1"

browserify-cipher@^1.0.0:
  version "1.0.1"
  resolved "https://registry.npmjs.org/browserify-cipher/-/browserify-cipher-1.0.1.tgz"
  dependencies:
    browserify-aes "^1.0.4"
    browserify-des "^1.0.0"
    evp_bytestokey "^1.0.0"

browserify-des@^1.0.0:
  version "1.0.2"
  resolved "https://registry.npmjs.org/browserify-des/-/browserify-des-1.0.2.tgz"
  dependencies:
    cipher-base "^1.0.1"
    des.js "^1.0.0"
    inherits "^2.0.1"
    safe-buffer "^5.1.2"

browserify-rsa@^4.0.0, browserify-rsa@^4.0.1:
  version "4.1.0"
  resolved "https://registry.npmjs.org/browserify-rsa/-/browserify-rsa-4.1.0.tgz"
  dependencies:
    bn.js "^5.0.0"
    randombytes "^2.0.1"

browserify-sign@^4.0.0:
  version "4.2.1"
  resolved "https://registry.npmjs.org/browserify-sign/-/browserify-sign-4.2.1.tgz"
  dependencies:
    bn.js "^5.1.1"
    browserify-rsa "^4.0.1"
    create-hash "^1.2.0"
    create-hmac "^1.1.7"
    elliptic "^6.5.3"
    inherits "^2.0.4"
    parse-asn1 "^5.1.5"
    readable-stream "^3.6.0"
    safe-buffer "^5.2.0"

browserify-zlib@^0.2.0:
  version "0.2.0"
  resolved "https://registry.npmjs.org/browserify-zlib/-/browserify-zlib-0.2.0.tgz"
  dependencies:
    pako "~1.0.5"

browserslist@4.16.1:
  version "4.16.1"
  resolved "https://registry.npmjs.org/browserslist/-/browserslist-4.16.1.tgz"
  dependencies:
    caniuse-lite "^1.0.30001173"
    colorette "^1.2.1"
    electron-to-chromium "^1.3.634"
    escalade "^3.1.1"
    node-releases "^1.1.69"

buffer-xor@^1.0.3:
  version "1.0.3"
  resolved "https://registry.npmjs.org/buffer-xor/-/buffer-xor-1.0.3.tgz"

buffer@5.6.0:
  version "5.6.0"
  resolved "https://registry.npmjs.org/buffer/-/buffer-5.6.0.tgz"
  dependencies:
    base64-js "^1.0.2"
    ieee754 "^1.1.4"

buffer@^4.3.0:
  version "4.9.2"
  resolved "https://registry.npmjs.org/buffer/-/buffer-4.9.2.tgz"
  dependencies:
    base64-js "^1.0.2"
    ieee754 "^1.1.4"
    isarray "^1.0.0"

builtin-status-codes@^3.0.0:
  version "3.0.0"
  resolved "https://registry.npmjs.org/builtin-status-codes/-/builtin-status-codes-3.0.0.tgz"

bytes@3.1.0:
  version "3.1.0"
  resolved "https://registry.npmjs.org/bytes/-/bytes-3.1.0.tgz"

caniuse-lite@^1.0.30001173, caniuse-lite@^1.0.30001179:
  version "1.0.30001199"
  resolved "https://registry.npmjs.org/caniuse-lite/-/caniuse-lite-1.0.30001199.tgz"

ccount@^1.0.0:
  version "1.0.5"
  resolved "https://registry.npmjs.org/ccount/-/ccount-1.0.5.tgz"

chalk@2.4.2, chalk@^2.0.0, chalk@^2.4.2:
  version "2.4.2"
  resolved "https://registry.npmjs.org/chalk/-/chalk-2.4.2.tgz"
  dependencies:
    ansi-styles "^3.2.1"
    escape-string-regexp "^1.0.5"
    supports-color "^5.3.0"

chalk@4.0.0:
  version "4.0.0"
  resolved "https://registry.npmjs.org/chalk/-/chalk-4.0.0.tgz"
  dependencies:
    ansi-styles "^4.1.0"
    supports-color "^7.1.0"

character-entities-html4@^1.0.0:
  version "1.1.4"
  resolved "https://registry.npmjs.org/character-entities-html4/-/character-entities-html4-1.1.4.tgz"

character-entities-legacy@^1.0.0:
  version "1.1.4"
  resolved "https://registry.npmjs.org/character-entities-legacy/-/character-entities-legacy-1.1.4.tgz"

character-entities@^1.0.0:
  version "1.2.4"
  resolved "https://registry.npmjs.org/character-entities/-/character-entities-1.2.4.tgz"

character-reference-invalid@^1.0.0:
  version "1.1.4"
  resolved "https://registry.npmjs.org/character-reference-invalid/-/character-reference-invalid-1.1.4.tgz"

chokidar@3.5.1:
  version "3.5.1"
  resolved "https://registry.npmjs.org/chokidar/-/chokidar-3.5.1.tgz"
  dependencies:
    anymatch "~3.1.1"
    braces "~3.0.2"
    glob-parent "~5.1.0"
    is-binary-path "~2.1.0"
    is-glob "~4.0.1"
    normalize-path "~3.0.0"
    readdirp "~3.5.0"
  optionalDependencies:
    fsevents "~2.3.1"

cipher-base@^1.0.0, cipher-base@^1.0.1, cipher-base@^1.0.3:
  version "1.0.4"
  resolved "https://registry.npmjs.org/cipher-base/-/cipher-base-1.0.4.tgz"
  dependencies:
    inherits "^2.0.1"
    safe-buffer "^5.0.1"

classnames@2.2.6:
  version "2.2.6"
  resolved "https://registry.npmjs.org/classnames/-/classnames-2.2.6.tgz"

collapse-white-space@^1.0.0, collapse-white-space@^1.0.2:
  version "1.0.6"
  resolved "https://registry.npmjs.org/collapse-white-space/-/collapse-white-space-1.0.6.tgz"

color-convert@^1.9.0:
  version "1.9.3"
  resolved "https://registry.npmjs.org/color-convert/-/color-convert-1.9.3.tgz"
  dependencies:
    color-name "1.1.3"

color-convert@^2.0.1:
  version "2.0.1"
  resolved "https://registry.npmjs.org/color-convert/-/color-convert-2.0.1.tgz"
  dependencies:
    color-name "~1.1.4"

color-name@1.1.3:
  version "1.1.3"
  resolved "https://registry.npmjs.org/color-name/-/color-name-1.1.3.tgz"

color-name@~1.1.4:
  version "1.1.4"
  resolved "https://registry.npmjs.org/color-name/-/color-name-1.1.4.tgz"

colorette@^1.2.1:
  version "1.2.2"
  resolved "https://registry.npmjs.org/colorette/-/colorette-1.2.2.tgz"

comma-separated-tokens@^1.0.0:
  version "1.0.8"
  resolved "https://registry.npmjs.org/comma-separated-tokens/-/comma-separated-tokens-1.0.8.tgz"

commondir@^1.0.1:
  version "1.0.1"
  resolved "https://registry.npmjs.org/commondir/-/commondir-1.0.1.tgz"

console-browserify@^1.1.0:
  version "1.2.0"
  resolved "https://registry.npmjs.org/console-browserify/-/console-browserify-1.2.0.tgz"

constants-browserify@^1.0.0:
  version "1.0.0"
  resolved "https://registry.npmjs.org/constants-browserify/-/constants-browserify-1.0.0.tgz"

convert-source-map@1.7.0:
  version "1.7.0"
  resolved "https://registry.npmjs.org/convert-source-map/-/convert-source-map-1.7.0.tgz"
  dependencies:
    safe-buffer "~5.1.1"

core-util-is@~1.0.0:
  version "1.0.2"
  resolved "https://registry.npmjs.org/core-util-is/-/core-util-is-1.0.2.tgz"

create-ecdh@^4.0.0:
  version "4.0.4"
  resolved "https://registry.npmjs.org/create-ecdh/-/create-ecdh-4.0.4.tgz"
  dependencies:
    bn.js "^4.1.0"
    elliptic "^6.5.3"

create-hash@^1.1.0, create-hash@^1.1.2, create-hash@^1.2.0:
  version "1.2.0"
  resolved "https://registry.npmjs.org/create-hash/-/create-hash-1.2.0.tgz"
  dependencies:
    cipher-base "^1.0.1"
    inherits "^2.0.1"
    md5.js "^1.3.4"
    ripemd160 "^2.0.1"
    sha.js "^2.4.0"

create-hmac@^1.1.0, create-hmac@^1.1.4, create-hmac@^1.1.7:
  version "1.1.7"
  resolved "https://registry.npmjs.org/create-hmac/-/create-hmac-1.1.7.tgz"
  dependencies:
    cipher-base "^1.0.3"
    create-hash "^1.1.0"
    inherits "^2.0.1"
    ripemd160 "^2.0.0"
    safe-buffer "^5.0.1"
    sha.js "^2.4.8"

crypto-browserify@3.12.0, crypto-browserify@^3.11.0:
  version "3.12.0"
  resolved "https://registry.npmjs.org/crypto-browserify/-/crypto-browserify-3.12.0.tgz"
  dependencies:
    browserify-cipher "^1.0.0"
    browserify-sign "^4.0.0"
    create-ecdh "^4.0.0"
    create-hash "^1.1.0"
    create-hmac "^1.1.0"
    diffie-hellman "^5.0.0"
    inherits "^2.0.1"
    pbkdf2 "^3.0.3"
    public-encrypt "^4.0.0"
    randombytes "^2.0.0"
    randomfill "^1.0.3"

css.escape@1.5.1:
  version "1.5.1"
  resolved "https://registry.npmjs.org/css.escape/-/css.escape-1.5.1.tgz"

cssnano-preset-simple@1.2.2:
  version "1.2.2"
  resolved "https://registry.npmjs.org/cssnano-preset-simple/-/cssnano-preset-simple-1.2.2.tgz"
  dependencies:
    caniuse-lite "^1.0.30001179"
    postcss "^7.0.32"

cssnano-simple@1.2.2:
  version "1.2.2"
  resolved "https://registry.npmjs.org/cssnano-simple/-/cssnano-simple-1.2.2.tgz"
  dependencies:
    cssnano-preset-simple "1.2.2"
    postcss "^7.0.32"

csstype@^2.2.0:
  version "2.6.10"
  resolved "https://registry.npmjs.org/csstype/-/csstype-2.6.10.tgz"

data-uri-to-buffer@3.0.1:
  version "3.0.1"
  resolved "https://registry.npmjs.org/data-uri-to-buffer/-/data-uri-to-buffer-3.0.1.tgz"

date-fns@^2.14.0:
  version "2.14.0"
  resolved "https://registry.npmjs.org/date-fns/-/date-fns-2.14.0.tgz"

debug@2:
  version "2.6.9"
  resolved "https://registry.npmjs.org/debug/-/debug-2.6.9.tgz"
  dependencies:
    ms "2.0.0"

depd@~1.1.2:
  version "1.1.2"
  resolved "https://registry.npmjs.org/depd/-/depd-1.1.2.tgz"

des.js@^1.0.0:
  version "1.0.1"
  resolved "https://registry.npmjs.org/des.js/-/des.js-1.0.1.tgz"
  dependencies:
    inherits "^2.0.1"
    minimalistic-assert "^1.0.0"

detab@^2.0.0:
  version "2.0.3"
  resolved "https://registry.npmjs.org/detab/-/detab-2.0.3.tgz"
  dependencies:
    repeat-string "^1.5.4"

diffie-hellman@^5.0.0:
  version "5.0.3"
  resolved "https://registry.npmjs.org/diffie-hellman/-/diffie-hellman-5.0.3.tgz"
  dependencies:
    bn.js "^4.1.0"
    miller-rabin "^4.0.0"
    randombytes "^2.0.0"

domain-browser@^1.1.1:
  version "1.2.0"
  resolved "https://registry.npmjs.org/domain-browser/-/domain-browser-1.2.0.tgz"

electron-to-chromium@^1.3.634:
  version "1.3.687"
  resolved "https://registry.npmjs.org/electron-to-chromium/-/electron-to-chromium-1.3.687.tgz"

elliptic@^6.5.3:
  version "6.5.4"
  resolved "https://registry.npmjs.org/elliptic/-/elliptic-6.5.4.tgz"
  dependencies:
    bn.js "^4.11.9"
    brorand "^1.1.0"
    hash.js "^1.0.0"
    hmac-drbg "^1.0.1"
    inherits "^2.0.4"
    minimalistic-assert "^1.0.1"
    minimalistic-crypto-utils "^1.0.1"

emojis-list@^2.0.0:
  version "2.1.0"
  resolved "https://registry.npmjs.org/emojis-list/-/emojis-list-2.1.0.tgz"

escalade@^3.1.1:
  version "3.1.1"
  resolved "https://registry.npmjs.org/escalade/-/escalade-3.1.1.tgz"

escape-string-regexp@^1.0.5:
  version "1.0.5"
  resolved "https://registry.npmjs.org/escape-string-regexp/-/escape-string-regexp-1.0.5.tgz"

esprima@^4.0.0:
  version "4.0.1"
  resolved "https://registry.npmjs.org/esprima/-/esprima-4.0.1.tgz"

esutils@^2.0.2:
  version "2.0.3"
  resolved "https://registry.npmjs.org/esutils/-/esutils-2.0.3.tgz"

etag@1.8.1:
  version "1.8.1"
  resolved "https://registry.npmjs.org/etag/-/etag-1.8.1.tgz"

events@^3.0.0:
  version "3.3.0"
  resolved "https://registry.npmjs.org/events/-/events-3.3.0.tgz"

evp_bytestokey@^1.0.0, evp_bytestokey@^1.0.3:
  version "1.0.3"
  resolved "https://registry.npmjs.org/evp_bytestokey/-/evp_bytestokey-1.0.3.tgz"
  dependencies:
    md5.js "^1.3.4"
    safe-buffer "^5.1.1"

extend-shallow@^2.0.1:
  version "2.0.1"
  resolved "https://registry.npmjs.org/extend-shallow/-/extend-shallow-2.0.1.tgz"
  dependencies:
    is-extendable "^0.1.0"

extend@^3.0.0:
  version "3.0.2"
  resolved "https://registry.npmjs.org/extend/-/extend-3.0.2.tgz"

fill-range@^7.0.1:
  version "7.0.1"
  resolved "https://registry.npmjs.org/fill-range/-/fill-range-7.0.1.tgz"
  dependencies:
    to-regex-range "^5.0.1"

find-cache-dir@3.3.1:
  version "3.3.1"
  resolved "https://registry.npmjs.org/find-cache-dir/-/find-cache-dir-3.3.1.tgz"
  dependencies:
    commondir "^1.0.1"
    make-dir "^3.0.2"
    pkg-dir "^4.1.0"

find-up@^4.0.0:
  version "4.1.0"
  resolved "https://registry.npmjs.org/find-up/-/find-up-4.1.0.tgz"
  dependencies:
    locate-path "^5.0.0"
    path-exists "^4.0.0"

fsevents@~2.3.1:
  version "2.3.2"
  resolved "https://registry.npmjs.org/fsevents/-/fsevents-2.3.2.tgz"

get-orientation@1.1.2:
  version "1.1.2"
  resolved "https://registry.npmjs.org/get-orientation/-/get-orientation-1.1.2.tgz"
  dependencies:
    stream-parser "^0.3.1"

glob-parent@~5.1.0:
  version "5.1.2"
  resolved "https://registry.npmjs.org/glob-parent/-/glob-parent-5.1.2.tgz"
  dependencies:
    is-glob "^4.0.1"

glob-to-regexp@^0.4.1:
  version "0.4.1"
  resolved "https://registry.npmjs.org/glob-to-regexp/-/glob-to-regexp-0.4.1.tgz"

graceful-fs@^4.1.2:
  version "4.2.6"
  resolved "https://registry.npmjs.org/graceful-fs/-/graceful-fs-4.2.6.tgz"

gray-matter@^4.0.2:
  version "4.0.2"
  resolved "https://registry.npmjs.org/gray-matter/-/gray-matter-4.0.2.tgz"
  dependencies:
    js-yaml "^3.11.0"
    kind-of "^6.0.2"
    section-matter "^1.0.0"
    strip-bom-string "^1.0.0"

has-flag@^3.0.0:
  version "3.0.0"
  resolved "https://registry.npmjs.org/has-flag/-/has-flag-3.0.0.tgz"

has-flag@^4.0.0:
  version "4.0.0"
  resolved "https://registry.npmjs.org/has-flag/-/has-flag-4.0.0.tgz"

hash-base@^3.0.0:
  version "3.1.0"
  resolved "https://registry.npmjs.org/hash-base/-/hash-base-3.1.0.tgz"
  dependencies:
    inherits "^2.0.4"
    readable-stream "^3.6.0"
    safe-buffer "^5.2.0"

hash.js@^1.0.0, hash.js@^1.0.3:
  version "1.1.7"
  resolved "https://registry.npmjs.org/hash.js/-/hash.js-1.1.7.tgz"
  dependencies:
    inherits "^2.0.3"
    minimalistic-assert "^1.0.1"

hast-util-is-element@^1.0.0:
  version "1.0.4"
  resolved "https://registry.npmjs.org/hast-util-is-element/-/hast-util-is-element-1.0.4.tgz"

hast-util-sanitize@^2.0.0:
  version "2.0.2"
  resolved "https://registry.npmjs.org/hast-util-sanitize/-/hast-util-sanitize-2.0.2.tgz"
  dependencies:
    xtend "^4.0.0"

hast-util-to-html@^7.0.0:
  version "7.1.1"
  resolved "https://registry.npmjs.org/hast-util-to-html/-/hast-util-to-html-7.1.1.tgz"
  dependencies:
    ccount "^1.0.0"
    comma-separated-tokens "^1.0.0"
    hast-util-is-element "^1.0.0"
    hast-util-whitespace "^1.0.0"
    html-void-elements "^1.0.0"
    property-information "^5.0.0"
    space-separated-tokens "^1.0.0"
    stringify-entities "^3.0.1"
    unist-util-is "^4.0.0"
    xtend "^4.0.0"

hast-util-whitespace@^1.0.0:
  version "1.0.4"
  resolved "https://registry.npmjs.org/hast-util-whitespace/-/hast-util-whitespace-1.0.4.tgz"

he@1.2.0:
  version "1.2.0"
  resolved "https://registry.npmjs.org/he/-/he-1.2.0.tgz"

hmac-drbg@^1.0.1:
  version "1.0.1"
  resolved "https://registry.npmjs.org/hmac-drbg/-/hmac-drbg-1.0.1.tgz"
  dependencies:
    hash.js "^1.0.3"
    minimalistic-assert "^1.0.0"
    minimalistic-crypto-utils "^1.0.1"

html-void-elements@^1.0.0:
  version "1.0.5"
  resolved "https://registry.npmjs.org/html-void-elements/-/html-void-elements-1.0.5.tgz"

http-errors@1.7.3:
  version "1.7.3"
  resolved "https://registry.npmjs.org/http-errors/-/http-errors-1.7.3.tgz"
  dependencies:
    depd "~1.1.2"
    inherits "2.0.4"
    setprototypeof "1.1.1"
    statuses ">= 1.5.0 < 2"
    toidentifier "1.0.0"

https-browserify@^1.0.0:
  version "1.0.0"
  resolved "https://registry.npmjs.org/https-browserify/-/https-browserify-1.0.0.tgz"

iconv-lite@0.4.24:
  version "0.4.24"
  resolved "https://registry.npmjs.org/iconv-lite/-/iconv-lite-0.4.24.tgz"
  dependencies:
    safer-buffer ">= 2.1.2 < 3"

ieee754@^1.1.4:
  version "1.2.1"
  resolved "https://registry.npmjs.org/ieee754/-/ieee754-1.2.1.tgz"

inherits@2.0.1:
  version "2.0.1"
  resolved "https://registry.npmjs.org/inherits/-/inherits-2.0.1.tgz"

inherits@2.0.3:
  version "2.0.3"
  resolved "https://registry.npmjs.org/inherits/-/inherits-2.0.3.tgz"

inherits@2.0.4, inherits@^2.0.0, inherits@^2.0.1, inherits@^2.0.3, inherits@^2.0.4, inherits@~2.0.1, inherits@~2.0.3, inherits@~2.0.4:
  version "2.0.4"
  resolved "https://registry.npmjs.org/inherits/-/inherits-2.0.4.tgz"

is-alphabetical@^1.0.0:
  version "1.0.4"
  resolved "https://registry.npmjs.org/is-alphabetical/-/is-alphabetical-1.0.4.tgz"

is-alphanumeric@^1.0.0:
  version "1.0.0"
  resolved "https://registry.npmjs.org/is-alphanumeric/-/is-alphanumeric-1.0.0.tgz"

is-alphanumerical@^1.0.0:
  version "1.0.4"
  resolved "https://registry.npmjs.org/is-alphanumerical/-/is-alphanumerical-1.0.4.tgz"
  dependencies:
    is-alphabetical "^1.0.0"
    is-decimal "^1.0.0"

is-binary-path@~2.1.0:
  version "2.1.0"
  resolved "https://registry.npmjs.org/is-binary-path/-/is-binary-path-2.1.0.tgz"
  dependencies:
    binary-extensions "^2.0.0"

is-buffer@^2.0.0:
  version "2.0.4"
  resolved "https://registry.npmjs.org/is-buffer/-/is-buffer-2.0.4.tgz"

is-decimal@^1.0.0, is-decimal@^1.0.2:
  version "1.0.4"
  resolved "https://registry.npmjs.org/is-decimal/-/is-decimal-1.0.4.tgz"

is-extendable@^0.1.0:
  version "0.1.1"
  resolved "https://registry.npmjs.org/is-extendable/-/is-extendable-0.1.1.tgz"

is-extglob@^2.1.1:
  version "2.1.1"
  resolved "https://registry.npmjs.org/is-extglob/-/is-extglob-2.1.1.tgz"

is-glob@^4.0.1, is-glob@~4.0.1:
  version "4.0.1"
  resolved "https://registry.npmjs.org/is-glob/-/is-glob-4.0.1.tgz"
  dependencies:
    is-extglob "^2.1.1"

is-hexadecimal@^1.0.0:
  version "1.0.4"
  resolved "https://registry.npmjs.org/is-hexadecimal/-/is-hexadecimal-1.0.4.tgz"

is-number@^7.0.0:
  version "7.0.0"
  resolved "https://registry.npmjs.org/is-number/-/is-number-7.0.0.tgz"

is-plain-obj@^2.0.0:
  version "2.1.0"
  resolved "https://registry.npmjs.org/is-plain-obj/-/is-plain-obj-2.1.0.tgz"

is-whitespace-character@^1.0.0:
  version "1.0.4"
  resolved "https://registry.npmjs.org/is-whitespace-character/-/is-whitespace-character-1.0.4.tgz"

is-word-character@^1.0.0:
  version "1.0.4"
  resolved "https://registry.npmjs.org/is-word-character/-/is-word-character-1.0.4.tgz"

isarray@1.0.0, isarray@^1.0.0, isarray@~1.0.0:
  version "1.0.0"
  resolved "https://registry.npmjs.org/isarray/-/isarray-1.0.0.tgz"

isobject@^2.0.0:
  version "2.1.0"
  resolved "https://registry.npmjs.org/isobject/-/isobject-2.1.0.tgz"
  dependencies:
    isarray "1.0.0"

jest-worker@24.9.0:
  version "24.9.0"
  resolved "https://registry.npmjs.org/jest-worker/-/jest-worker-24.9.0.tgz"
  dependencies:
    merge-stream "^2.0.0"
    supports-color "^6.1.0"

"js-tokens@^3.0.0 || ^4.0.0", js-tokens@^4.0.0:
  version "4.0.0"
  resolved "https://registry.npmjs.org/js-tokens/-/js-tokens-4.0.0.tgz"

js-yaml@^3.11.0:
  version "3.14.0"
  resolved "https://registry.npmjs.org/js-yaml/-/js-yaml-3.14.0.tgz"
  dependencies:
    argparse "^1.0.7"
    esprima "^4.0.0"

json5@^1.0.1:
  version "1.0.1"
  resolved "https://registry.npmjs.org/json5/-/json5-1.0.1.tgz"
  dependencies:
    minimist "^1.2.0"

kind-of@^6.0.0, kind-of@^6.0.2:
  version "6.0.3"
  resolved "https://registry.npmjs.org/kind-of/-/kind-of-6.0.3.tgz"

line-column@^1.0.2:
  version "1.0.2"
  resolved "https://registry.npmjs.org/line-column/-/line-column-1.0.2.tgz"
  dependencies:
    isarray "^1.0.0"
    isobject "^2.0.0"

loader-utils@1.2.3:
  version "1.2.3"
  resolved "https://registry.npmjs.org/loader-utils/-/loader-utils-1.2.3.tgz"
  dependencies:
    big.js "^5.2.2"
    emojis-list "^2.0.0"
    json5 "^1.0.1"

locate-path@^5.0.0:
  version "5.0.0"
  resolved "https://registry.npmjs.org/locate-path/-/locate-path-5.0.0.tgz"
  dependencies:
    p-locate "^4.1.0"

lodash.sortby@^4.7.0:
  version "4.7.0"
  resolved "https://registry.npmjs.org/lodash.sortby/-/lodash.sortby-4.7.0.tgz"

lodash@^4.17.13:
  version "4.17.21"
  resolved "https://registry.npmjs.org/lodash/-/lodash-4.17.21.tgz"

longest-streak@^2.0.1:
  version "2.0.4"
  resolved "https://registry.npmjs.org/longest-streak/-/longest-streak-2.0.4.tgz"

loose-envify@^1.1.0, loose-envify@^1.4.0:
  version "1.4.0"
  resolved "https://registry.npmjs.org/loose-envify/-/loose-envify-1.4.0.tgz"
  dependencies:
    js-tokens "^3.0.0 || ^4.0.0"

make-dir@^3.0.2:
  version "3.1.0"
  resolved "https://registry.npmjs.org/make-dir/-/make-dir-3.1.0.tgz"
  dependencies:
    semver "^6.0.0"

markdown-escapes@^1.0.0:
  version "1.0.4"
  resolved "https://registry.npmjs.org/markdown-escapes/-/markdown-escapes-1.0.4.tgz"

markdown-table@^2.0.0:
  version "2.0.0"
  resolved "https://registry.npmjs.org/markdown-table/-/markdown-table-2.0.0.tgz"
  dependencies:
    repeat-string "^1.0.0"

md5.js@^1.3.4:
  version "1.3.5"
  resolved "https://registry.npmjs.org/md5.js/-/md5.js-1.3.5.tgz"
  dependencies:
    hash-base "^3.0.0"
    inherits "^2.0.1"
    safe-buffer "^5.1.2"

mdast-util-compact@^2.0.0:
  version "2.0.1"
  resolved "https://registry.npmjs.org/mdast-util-compact/-/mdast-util-compact-2.0.1.tgz"
  dependencies:
    unist-util-visit "^2.0.0"

mdast-util-definitions@^2.0.0:
  version "2.0.1"
  resolved "https://registry.npmjs.org/mdast-util-definitions/-/mdast-util-definitions-2.0.1.tgz"
  dependencies:
    unist-util-visit "^2.0.0"

mdast-util-to-hast@^8.2.0:
  version "8.2.0"
  resolved "https://registry.npmjs.org/mdast-util-to-hast/-/mdast-util-to-hast-8.2.0.tgz"
  dependencies:
    collapse-white-space "^1.0.0"
    detab "^2.0.0"
    mdast-util-definitions "^2.0.0"
    mdurl "^1.0.0"
    trim-lines "^1.0.0"
    unist-builder "^2.0.0"
    unist-util-generated "^1.0.0"
    unist-util-position "^3.0.0"
    unist-util-visit "^2.0.0"

mdurl@^1.0.0:
  version "1.0.1"
  resolved "https://registry.npmjs.org/mdurl/-/mdurl-1.0.1.tgz"

merge-stream@^2.0.0:
  version "2.0.0"
  resolved "https://registry.npmjs.org/merge-stream/-/merge-stream-2.0.0.tgz"

miller-rabin@^4.0.0:
  version "4.0.1"
  resolved "https://registry.npmjs.org/miller-rabin/-/miller-rabin-4.0.1.tgz"
  dependencies:
    bn.js "^4.0.0"
    brorand "^1.0.1"

minimalistic-assert@^1.0.0, minimalistic-assert@^1.0.1:
  version "1.0.1"
  resolved "https://registry.npmjs.org/minimalistic-assert/-/minimalistic-assert-1.0.1.tgz"

minimalistic-crypto-utils@^1.0.1:
  version "1.0.1"
  resolved "https://registry.npmjs.org/minimalistic-crypto-utils/-/minimalistic-crypto-utils-1.0.1.tgz"

minimist@^1.2.0:
  version "1.2.6"
  resolved "https://registry.yarnpkg.com/minimist/-/minimist-1.2.6.tgz#8637a5b759ea0d6e98702cfb3a9283323c93af44"

ms@2.0.0:
  version "2.0.0"
  resolved "https://registry.npmjs.org/ms/-/ms-2.0.0.tgz"

nanoid@^3.1.16:
  version "3.1.21"
  resolved "https://registry.npmjs.org/nanoid/-/nanoid-3.1.21.tgz"

native-url@0.3.4:
  version "0.3.4"
  resolved "https://registry.npmjs.org/native-url/-/native-url-0.3.4.tgz"
  dependencies:
    querystring "^0.2.0"

next@^10.0.8:
  version "10.0.8"
  resolved "https://registry.npmjs.org/next/-/next-10.0.8.tgz"
  dependencies:
    "@babel/runtime" "7.12.5"
    "@hapi/accept" "5.0.1"
    "@next/env" "10.0.8"
    "@next/polyfill-module" "10.0.8"
    "@next/react-dev-overlay" "10.0.8"
    "@next/react-refresh-utils" "10.0.8"
    "@opentelemetry/api" "0.14.0"
    ast-types "0.13.2"
    browserslist "4.16.1"
    buffer "5.6.0"
    caniuse-lite "^1.0.30001179"
    chalk "2.4.2"
    chokidar "3.5.1"
    crypto-browserify "3.12.0"
    cssnano-simple "1.2.2"
    etag "1.8.1"
    find-cache-dir "3.3.1"
    get-orientation "1.1.2"
    jest-worker "24.9.0"
    native-url "0.3.4"
    node-fetch "2.6.1"
    node-html-parser "1.4.9"
    node-libs-browser "^2.2.1"
    p-limit "3.1.0"
    path-browserify "1.0.1"
    pnp-webpack-plugin "1.6.4"
    postcss "8.1.7"
    process "0.11.10"
    prop-types "15.7.2"
    raw-body "2.4.1"
    react-is "16.13.1"
    react-refresh "0.8.3"
    stream-browserify "3.0.0"
    styled-jsx "3.3.2"
    use-subscription "1.5.1"
    vm-browserify "1.1.2"
    watchpack "2.1.1"

node-fetch@2.6.1:
  version "2.6.1"
  resolved "https://registry.npmjs.org/node-fetch/-/node-fetch-2.6.1.tgz"

node-html-parser@1.4.9:
  version "1.4.9"
  resolved "https://registry.npmjs.org/node-html-parser/-/node-html-parser-1.4.9.tgz"
  dependencies:
    he "1.2.0"

node-libs-browser@^2.2.1:
  version "2.2.1"
  resolved "https://registry.npmjs.org/node-libs-browser/-/node-libs-browser-2.2.1.tgz"
  dependencies:
    assert "^1.1.1"
    browserify-zlib "^0.2.0"
    buffer "^4.3.0"
    console-browserify "^1.1.0"
    constants-browserify "^1.0.0"
    crypto-browserify "^3.11.0"
    domain-browser "^1.1.1"
    events "^3.0.0"
    https-browserify "^1.0.0"
    os-browserify "^0.3.0"
    path-browserify "0.0.1"
    process "^0.11.10"
    punycode "^1.2.4"
    querystring-es3 "^0.2.0"
    readable-stream "^2.3.3"
    stream-browserify "^2.0.1"
    stream-http "^2.7.2"
    string_decoder "^1.0.0"
    timers-browserify "^2.0.4"
    tty-browserify "0.0.0"
    url "^0.11.0"
    util "^0.11.0"
    vm-browserify "^1.0.1"

node-releases@^1.1.69:
  version "1.1.71"
  resolved "https://registry.npmjs.org/node-releases/-/node-releases-1.1.71.tgz"

normalize-path@^3.0.0, normalize-path@~3.0.0:
  version "3.0.0"
  resolved "https://registry.npmjs.org/normalize-path/-/normalize-path-3.0.0.tgz"

object-assign@^4.1.1:
  version "4.1.1"
  resolved "https://registry.npmjs.org/object-assign/-/object-assign-4.1.1.tgz"

os-browserify@^0.3.0:
  version "0.3.0"
  resolved "https://registry.npmjs.org/os-browserify/-/os-browserify-0.3.0.tgz"

p-limit@3.1.0:
  version "3.1.0"
  resolved "https://registry.npmjs.org/p-limit/-/p-limit-3.1.0.tgz"
  dependencies:
    yocto-queue "^0.1.0"

p-limit@^2.2.0:
  version "2.3.0"
  resolved "https://registry.npmjs.org/p-limit/-/p-limit-2.3.0.tgz"
  dependencies:
    p-try "^2.0.0"

p-locate@^4.1.0:
  version "4.1.0"
  resolved "https://registry.npmjs.org/p-locate/-/p-locate-4.1.0.tgz"
  dependencies:
    p-limit "^2.2.0"

p-try@^2.0.0:
  version "2.2.0"
  resolved "https://registry.npmjs.org/p-try/-/p-try-2.2.0.tgz"

pako@~1.0.5:
  version "1.0.11"
  resolved "https://registry.npmjs.org/pako/-/pako-1.0.11.tgz"

parse-asn1@^5.0.0, parse-asn1@^5.1.5:
  version "5.1.6"
  resolved "https://registry.npmjs.org/parse-asn1/-/parse-asn1-5.1.6.tgz"
  dependencies:
    asn1.js "^5.2.0"
    browserify-aes "^1.0.0"
    evp_bytestokey "^1.0.0"
    pbkdf2 "^3.0.3"
    safe-buffer "^5.1.1"

parse-entities@^2.0.0:
  version "2.0.0"
  resolved "https://registry.npmjs.org/parse-entities/-/parse-entities-2.0.0.tgz"
  dependencies:
    character-entities "^1.0.0"
    character-entities-legacy "^1.0.0"
    character-reference-invalid "^1.0.0"
    is-alphanumerical "^1.0.0"
    is-decimal "^1.0.0"
    is-hexadecimal "^1.0.0"

path-browserify@0.0.1:
  version "0.0.1"
  resolved "https://registry.npmjs.org/path-browserify/-/path-browserify-0.0.1.tgz"

path-browserify@1.0.1:
  version "1.0.1"
  resolved "https://registry.npmjs.org/path-browserify/-/path-browserify-1.0.1.tgz"

path-exists@^4.0.0:
  version "4.0.0"
  resolved "https://registry.npmjs.org/path-exists/-/path-exists-4.0.0.tgz"

pbkdf2@^3.0.3:
  version "3.1.1"
  resolved "https://registry.npmjs.org/pbkdf2/-/pbkdf2-3.1.1.tgz"
  dependencies:
    create-hash "^1.1.2"
    create-hmac "^1.1.4"
    ripemd160 "^2.0.1"
    safe-buffer "^5.0.1"
    sha.js "^2.4.8"

picomatch@^2.0.4, picomatch@^2.2.1:
  version "2.2.2"
  resolved "https://registry.npmjs.org/picomatch/-/picomatch-2.2.2.tgz"

pkg-dir@^4.1.0:
  version "4.2.0"
  resolved "https://registry.npmjs.org/pkg-dir/-/pkg-dir-4.2.0.tgz"
  dependencies:
    find-up "^4.0.0"

platform@1.3.6:
  version "1.3.6"
  resolved "https://registry.npmjs.org/platform/-/platform-1.3.6.tgz"

pnp-webpack-plugin@1.6.4:
  version "1.6.4"
  resolved "https://registry.npmjs.org/pnp-webpack-plugin/-/pnp-webpack-plugin-1.6.4.tgz"
  dependencies:
    ts-pnp "^1.1.6"

postcss@8.1.7:
  version "8.1.7"
  resolved "https://registry.npmjs.org/postcss/-/postcss-8.1.7.tgz"
  dependencies:
    colorette "^1.2.1"
    line-column "^1.0.2"
    nanoid "^3.1.16"
    source-map "^0.6.1"

postcss@^7.0.32:
  version "7.0.35"
  resolved "https://registry.npmjs.org/postcss/-/postcss-7.0.35.tgz"
  dependencies:
    chalk "^2.4.2"
    source-map "^0.6.1"
    supports-color "^6.1.0"

process-nextick-args@~2.0.0:
  version "2.0.1"
  resolved "https://registry.npmjs.org/process-nextick-args/-/process-nextick-args-2.0.1.tgz"

process@0.11.10, process@^0.11.10:
  version "0.11.10"
  resolved "https://registry.npmjs.org/process/-/process-0.11.10.tgz"

prop-types@15.7.2, prop-types@^15.6.2:
  version "15.7.2"
  resolved "https://registry.npmjs.org/prop-types/-/prop-types-15.7.2.tgz"
  dependencies:
    loose-envify "^1.4.0"
    object-assign "^4.1.1"
    react-is "^16.8.1"

property-information@^5.0.0:
  version "5.5.0"
  resolved "https://registry.npmjs.org/property-information/-/property-information-5.5.0.tgz"
  dependencies:
    xtend "^4.0.0"

public-encrypt@^4.0.0:
  version "4.0.3"
  resolved "https://registry.npmjs.org/public-encrypt/-/public-encrypt-4.0.3.tgz"
  dependencies:
    bn.js "^4.1.0"
    browserify-rsa "^4.0.0"
    create-hash "^1.1.0"
    parse-asn1 "^5.0.0"
    randombytes "^2.0.1"
    safe-buffer "^5.1.2"

punycode@1.3.2:
  version "1.3.2"
  resolved "https://registry.npmjs.org/punycode/-/punycode-1.3.2.tgz"

punycode@^1.2.4:
  version "1.4.1"
  resolved "https://registry.npmjs.org/punycode/-/punycode-1.4.1.tgz"

punycode@^2.1.0:
  version "2.1.1"
  resolved "https://registry.npmjs.org/punycode/-/punycode-2.1.1.tgz"

querystring-es3@^0.2.0:
  version "0.2.1"
  resolved "https://registry.npmjs.org/querystring-es3/-/querystring-es3-0.2.1.tgz"

querystring@0.2.0:
  version "0.2.0"
  resolved "https://registry.npmjs.org/querystring/-/querystring-0.2.0.tgz"

querystring@^0.2.0:
  version "0.2.1"
  resolved "https://registry.npmjs.org/querystring/-/querystring-0.2.1.tgz"

randombytes@^2.0.0, randombytes@^2.0.1, randombytes@^2.0.5:
  version "2.1.0"
  resolved "https://registry.npmjs.org/randombytes/-/randombytes-2.1.0.tgz"
  dependencies:
    safe-buffer "^5.1.0"

randomfill@^1.0.3:
  version "1.0.4"
  resolved "https://registry.npmjs.org/randomfill/-/randomfill-1.0.4.tgz"
  dependencies:
    randombytes "^2.0.5"
    safe-buffer "^5.1.0"

raw-body@2.4.1:
  version "2.4.1"
  resolved "https://registry.npmjs.org/raw-body/-/raw-body-2.4.1.tgz"
  dependencies:
    bytes "3.1.0"
    http-errors "1.7.3"
    iconv-lite "0.4.24"
    unpipe "1.0.0"

react-dom@16.13.1:
  version "16.13.1"
  resolved "https://registry.npmjs.org/react-dom/-/react-dom-16.13.1.tgz"
  dependencies:
    loose-envify "^1.1.0"
    object-assign "^4.1.1"
    prop-types "^15.6.2"
    scheduler "^0.19.1"

react-is@16.13.1, react-is@^16.8.1:
  version "16.13.1"
  resolved "https://registry.npmjs.org/react-is/-/react-is-16.13.1.tgz"

react-refresh@0.8.3:
  version "0.8.3"
  resolved "https://registry.npmjs.org/react-refresh/-/react-refresh-0.8.3.tgz"

react@16.13.1:
  version "16.13.1"
  resolved "https://registry.npmjs.org/react/-/react-16.13.1.tgz"
  dependencies:
    loose-envify "^1.1.0"
    object-assign "^4.1.1"
    prop-types "^15.6.2"

readable-stream@^2.0.2, readable-stream@^2.3.3, readable-stream@^2.3.6:
  version "2.3.7"
  resolved "https://registry.npmjs.org/readable-stream/-/readable-stream-2.3.7.tgz"
  dependencies:
    core-util-is "~1.0.0"
    inherits "~2.0.3"
    isarray "~1.0.0"
    process-nextick-args "~2.0.0"
    safe-buffer "~5.1.1"
    string_decoder "~1.1.1"
    util-deprecate "~1.0.1"

readable-stream@^3.5.0, readable-stream@^3.6.0:
  version "3.6.0"
  resolved "https://registry.npmjs.org/readable-stream/-/readable-stream-3.6.0.tgz"
  dependencies:
    inherits "^2.0.3"
    string_decoder "^1.1.1"
    util-deprecate "^1.0.1"

readdirp@~3.5.0:
  version "3.5.0"
  resolved "https://registry.npmjs.org/readdirp/-/readdirp-3.5.0.tgz"
  dependencies:
    picomatch "^2.2.1"

regenerator-runtime@^0.13.4:
  version "0.13.7"
  resolved "https://registry.npmjs.org/regenerator-runtime/-/regenerator-runtime-0.13.7.tgz"

remark-html@^11.0.2:
  version "11.0.2"
  resolved "https://registry.npmjs.org/remark-html/-/remark-html-11.0.2.tgz"
  dependencies:
    hast-util-sanitize "^2.0.0"
    hast-util-to-html "^7.0.0"
    mdast-util-to-hast "^8.2.0"
    xtend "^4.0.1"

remark-parse@^8.0.0:
  version "8.0.2"
  resolved "https://registry.npmjs.org/remark-parse/-/remark-parse-8.0.2.tgz"
  dependencies:
    ccount "^1.0.0"
    collapse-white-space "^1.0.2"
    is-alphabetical "^1.0.0"
    is-decimal "^1.0.0"
    is-whitespace-character "^1.0.0"
    is-word-character "^1.0.0"
    markdown-escapes "^1.0.0"
    parse-entities "^2.0.0"
    repeat-string "^1.5.4"
    state-toggle "^1.0.0"
    trim "0.0.1"
    trim-trailing-lines "^1.0.0"
    unherit "^1.0.4"
    unist-util-remove-position "^2.0.0"
    vfile-location "^3.0.0"
    xtend "^4.0.1"

remark-stringify@^8.0.0:
  version "8.1.0"
  resolved "https://registry.npmjs.org/remark-stringify/-/remark-stringify-8.1.0.tgz"
  dependencies:
    ccount "^1.0.0"
    is-alphanumeric "^1.0.0"
    is-decimal "^1.0.0"
    is-whitespace-character "^1.0.0"
    longest-streak "^2.0.1"
    markdown-escapes "^1.0.0"
    markdown-table "^2.0.0"
    mdast-util-compact "^2.0.0"
    parse-entities "^2.0.0"
    repeat-string "^1.5.4"
    state-toggle "^1.0.0"
    stringify-entities "^3.0.0"
    unherit "^1.0.4"
    xtend "^4.0.1"

remark@^12.0.0:
  version "12.0.0"
  resolved "https://registry.npmjs.org/remark/-/remark-12.0.0.tgz"
  dependencies:
    remark-parse "^8.0.0"
    remark-stringify "^8.0.0"
    unified "^9.0.0"

repeat-string@^1.0.0, repeat-string@^1.5.4:
  version "1.6.1"
  resolved "https://registry.npmjs.org/repeat-string/-/repeat-string-1.6.1.tgz"

replace-ext@1.0.0:
  version "1.0.0"
  resolved "https://registry.npmjs.org/replace-ext/-/replace-ext-1.0.0.tgz"

ripemd160@^2.0.0, ripemd160@^2.0.1:
  version "2.0.2"
  resolved "https://registry.npmjs.org/ripemd160/-/ripemd160-2.0.2.tgz"
  dependencies:
    hash-base "^3.0.0"
    inherits "^2.0.1"

safe-buffer@^5.0.1, safe-buffer@^5.1.0, safe-buffer@^5.1.1, safe-buffer@^5.1.2, safe-buffer@^5.2.0, safe-buffer@~5.2.0:
  version "5.2.1"
  resolved "https://registry.npmjs.org/safe-buffer/-/safe-buffer-5.2.1.tgz"

safe-buffer@~5.1.0, safe-buffer@~5.1.1:
  version "5.1.2"
  resolved "https://registry.npmjs.org/safe-buffer/-/safe-buffer-5.1.2.tgz"

"safer-buffer@>= 2.1.2 < 3", safer-buffer@^2.1.0:
  version "2.1.2"
  resolved "https://registry.npmjs.org/safer-buffer/-/safer-buffer-2.1.2.tgz"

scheduler@^0.19.1:
  version "0.19.1"
  resolved "https://registry.npmjs.org/scheduler/-/scheduler-0.19.1.tgz"
  dependencies:
    loose-envify "^1.1.0"
    object-assign "^4.1.1"

section-matter@^1.0.0:
  version "1.0.0"
  resolved "https://registry.npmjs.org/section-matter/-/section-matter-1.0.0.tgz"
  dependencies:
    extend-shallow "^2.0.1"
    kind-of "^6.0.0"

semver@^6.0.0:
  version "6.3.0"
  resolved "https://registry.npmjs.org/semver/-/semver-6.3.0.tgz"

setimmediate@^1.0.4:
  version "1.0.5"
  resolved "https://registry.npmjs.org/setimmediate/-/setimmediate-1.0.5.tgz"

setprototypeof@1.1.1:
  version "1.1.1"
  resolved "https://registry.npmjs.org/setprototypeof/-/setprototypeof-1.1.1.tgz"

sha.js@^2.4.0, sha.js@^2.4.8:
  version "2.4.11"
  resolved "https://registry.npmjs.org/sha.js/-/sha.js-2.4.11.tgz"
  dependencies:
    inherits "^2.0.1"
    safe-buffer "^5.0.1"

shell-quote@1.7.2:
  version "1.7.2"
  resolved "https://registry.npmjs.org/shell-quote/-/shell-quote-1.7.2.tgz"

source-map@0.7.3:
  version "0.7.3"
  resolved "https://registry.npmjs.org/source-map/-/source-map-0.7.3.tgz"

source-map@0.8.0-beta.0:
  version "0.8.0-beta.0"
  resolved "https://registry.npmjs.org/source-map/-/source-map-0.8.0-beta.0.tgz"
  dependencies:
    whatwg-url "^7.0.0"

source-map@^0.6.1:
  version "0.6.1"
  resolved "https://registry.npmjs.org/source-map/-/source-map-0.6.1.tgz"

space-separated-tokens@^1.0.0:
  version "1.1.5"
  resolved "https://registry.npmjs.org/space-separated-tokens/-/space-separated-tokens-1.1.5.tgz"

sprintf-js@~1.0.2:
  version "1.0.3"
  resolved "https://registry.npmjs.org/sprintf-js/-/sprintf-js-1.0.3.tgz"

stacktrace-parser@0.1.10:
  version "0.1.10"
  resolved "https://registry.npmjs.org/stacktrace-parser/-/stacktrace-parser-0.1.10.tgz"
  dependencies:
    type-fest "^0.7.1"

state-toggle@^1.0.0:
  version "1.0.3"
  resolved "https://registry.npmjs.org/state-toggle/-/state-toggle-1.0.3.tgz"

"statuses@>= 1.5.0 < 2":
  version "1.5.0"
  resolved "https://registry.npmjs.org/statuses/-/statuses-1.5.0.tgz"

stream-browserify@3.0.0:
  version "3.0.0"
  resolved "https://registry.npmjs.org/stream-browserify/-/stream-browserify-3.0.0.tgz"
  dependencies:
    inherits "~2.0.4"
    readable-stream "^3.5.0"

stream-browserify@^2.0.1:
  version "2.0.2"
  resolved "https://registry.npmjs.org/stream-browserify/-/stream-browserify-2.0.2.tgz"
  dependencies:
    inherits "~2.0.1"
    readable-stream "^2.0.2"

stream-http@^2.7.2:
  version "2.8.3"
  resolved "https://registry.npmjs.org/stream-http/-/stream-http-2.8.3.tgz"
  dependencies:
    builtin-status-codes "^3.0.0"
    inherits "^2.0.1"
    readable-stream "^2.3.6"
    to-arraybuffer "^1.0.0"
    xtend "^4.0.0"

stream-parser@^0.3.1:
  version "0.3.1"
  resolved "https://registry.npmjs.org/stream-parser/-/stream-parser-0.3.1.tgz"
  dependencies:
    debug "2"

string-hash@1.1.3:
  version "1.1.3"
  resolved "https://registry.npmjs.org/string-hash/-/string-hash-1.1.3.tgz"

string_decoder@^1.0.0, string_decoder@~1.1.1:
  version "1.1.1"
  resolved "https://registry.npmjs.org/string_decoder/-/string_decoder-1.1.1.tgz"
  dependencies:
    safe-buffer "~5.1.0"

string_decoder@^1.1.1:
  version "1.3.0"
  resolved "https://registry.npmjs.org/string_decoder/-/string_decoder-1.3.0.tgz"
  dependencies:
    safe-buffer "~5.2.0"

stringify-entities@^3.0.0, stringify-entities@^3.0.1:
  version "3.0.1"
  resolved "https://registry.npmjs.org/stringify-entities/-/stringify-entities-3.0.1.tgz"
  dependencies:
    character-entities-html4 "^1.0.0"
    character-entities-legacy "^1.0.0"
    is-alphanumerical "^1.0.0"
    is-decimal "^1.0.2"
    is-hexadecimal "^1.0.0"

strip-ansi@6.0.0:
  version "6.0.0"
  resolved "https://registry.npmjs.org/strip-ansi/-/strip-ansi-6.0.0.tgz"
  dependencies:
    ansi-regex "^5.0.0"

strip-bom-string@^1.0.0:
  version "1.0.0"
  resolved "https://registry.npmjs.org/strip-bom-string/-/strip-bom-string-1.0.0.tgz"

styled-jsx@3.3.2:
  version "3.3.2"
  resolved "https://registry.npmjs.org/styled-jsx/-/styled-jsx-3.3.2.tgz"
  dependencies:
    "@babel/types" "7.8.3"
    babel-plugin-syntax-jsx "6.18.0"
    convert-source-map "1.7.0"
    loader-utils "1.2.3"
    source-map "0.7.3"
    string-hash "1.1.3"
    stylis "3.5.4"
    stylis-rule-sheet "0.0.10"

stylis-rule-sheet@0.0.10:
  version "0.0.10"
  resolved "https://registry.npmjs.org/stylis-rule-sheet/-/stylis-rule-sheet-0.0.10.tgz"

stylis@3.5.4:
  version "3.5.4"
  resolved "https://registry.npmjs.org/stylis/-/stylis-3.5.4.tgz"

supports-color@^5.3.0:
  version "5.5.0"
  resolved "https://registry.npmjs.org/supports-color/-/supports-color-5.5.0.tgz"
  dependencies:
    has-flag "^3.0.0"

supports-color@^6.1.0:
  version "6.1.0"
  resolved "https://registry.npmjs.org/supports-color/-/supports-color-6.1.0.tgz"
  dependencies:
    has-flag "^3.0.0"

supports-color@^7.1.0:
  version "7.2.0"
  resolved "https://registry.npmjs.org/supports-color/-/supports-color-7.2.0.tgz"
  dependencies:
    has-flag "^4.0.0"

timers-browserify@^2.0.4:
  version "2.0.12"
  resolved "https://registry.npmjs.org/timers-browserify/-/timers-browserify-2.0.12.tgz"
  dependencies:
    setimmediate "^1.0.4"

to-arraybuffer@^1.0.0:
  version "1.0.1"
  resolved "https://registry.npmjs.org/to-arraybuffer/-/to-arraybuffer-1.0.1.tgz"

to-fast-properties@^2.0.0:
  version "2.0.0"
  resolved "https://registry.npmjs.org/to-fast-properties/-/to-fast-properties-2.0.0.tgz"

to-regex-range@^5.0.1:
  version "5.0.1"
  resolved "https://registry.npmjs.org/to-regex-range/-/to-regex-range-5.0.1.tgz"
  dependencies:
    is-number "^7.0.0"

toidentifier@1.0.0:
  version "1.0.0"
  resolved "https://registry.npmjs.org/toidentifier/-/toidentifier-1.0.0.tgz"

tr46@^1.0.1:
  version "1.0.1"
  resolved "https://registry.npmjs.org/tr46/-/tr46-1.0.1.tgz"
  dependencies:
    punycode "^2.1.0"

trim-lines@^1.0.0:
  version "1.1.3"
  resolved "https://registry.npmjs.org/trim-lines/-/trim-lines-1.1.3.tgz"

trim-trailing-lines@^1.0.0:
  version "1.1.3"
  resolved "https://registry.npmjs.org/trim-trailing-lines/-/trim-trailing-lines-1.1.3.tgz"

trim@0.0.1:
  version "0.0.1"
  resolved "https://registry.npmjs.org/trim/-/trim-0.0.1.tgz"

trough@^1.0.0:
  version "1.0.5"
  resolved "https://registry.npmjs.org/trough/-/trough-1.0.5.tgz"

ts-pnp@^1.1.6:
  version "1.2.0"
  resolved "https://registry.npmjs.org/ts-pnp/-/ts-pnp-1.2.0.tgz"

tty-browserify@0.0.0:
  version "0.0.0"
  resolved "https://registry.npmjs.org/tty-browserify/-/tty-browserify-0.0.0.tgz"

type-fest@^0.7.1:
  version "0.7.1"
  resolved "https://registry.npmjs.org/type-fest/-/type-fest-0.7.1.tgz"

typescript@^3.9.5:
  version "3.9.5"
  resolved "https://registry.npmjs.org/typescript/-/typescript-3.9.5.tgz"

unherit@^1.0.4:
  version "1.1.3"
  resolved "https://registry.npmjs.org/unherit/-/unherit-1.1.3.tgz"
  dependencies:
    inherits "^2.0.0"
    xtend "^4.0.0"

unified@^9.0.0:
  version "9.0.0"
  resolved "https://registry.npmjs.org/unified/-/unified-9.0.0.tgz"
  dependencies:
    bail "^1.0.0"
    extend "^3.0.0"
    is-buffer "^2.0.0"
    is-plain-obj "^2.0.0"
    trough "^1.0.0"
    vfile "^4.0.0"

unist-builder@^2.0.0:
  version "2.0.3"
  resolved "https://registry.npmjs.org/unist-builder/-/unist-builder-2.0.3.tgz"

unist-util-generated@^1.0.0:
  version "1.1.5"
  resolved "https://registry.npmjs.org/unist-util-generated/-/unist-util-generated-1.1.5.tgz"

unist-util-is@^4.0.0:
  version "4.0.2"
  resolved "https://registry.npmjs.org/unist-util-is/-/unist-util-is-4.0.2.tgz"

unist-util-position@^3.0.0:
  version "3.1.0"
  resolved "https://registry.npmjs.org/unist-util-position/-/unist-util-position-3.1.0.tgz"

unist-util-remove-position@^2.0.0:
  version "2.0.1"
  resolved "https://registry.npmjs.org/unist-util-remove-position/-/unist-util-remove-position-2.0.1.tgz"
  dependencies:
    unist-util-visit "^2.0.0"

unist-util-stringify-position@^2.0.0:
  version "2.0.3"
  resolved "https://registry.npmjs.org/unist-util-stringify-position/-/unist-util-stringify-position-2.0.3.tgz"
  dependencies:
    "@types/unist" "^2.0.2"

unist-util-visit-parents@^3.0.0:
  version "3.0.2"
  resolved "https://registry.npmjs.org/unist-util-visit-parents/-/unist-util-visit-parents-3.0.2.tgz"
  dependencies:
    "@types/unist" "^2.0.0"
    unist-util-is "^4.0.0"

unist-util-visit@^2.0.0:
  version "2.0.2"
  resolved "https://registry.npmjs.org/unist-util-visit/-/unist-util-visit-2.0.2.tgz"
  dependencies:
    "@types/unist" "^2.0.0"
    unist-util-is "^4.0.0"
    unist-util-visit-parents "^3.0.0"

unpipe@1.0.0:
  version "1.0.0"
  resolved "https://registry.npmjs.org/unpipe/-/unpipe-1.0.0.tgz"

url@^0.11.0:
  version "0.11.0"
  resolved "https://registry.npmjs.org/url/-/url-0.11.0.tgz"
  dependencies:
    punycode "1.3.2"
    querystring "0.2.0"

use-subscription@1.5.1:
  version "1.5.1"
  resolved "https://registry.npmjs.org/use-subscription/-/use-subscription-1.5.1.tgz"
  dependencies:
    object-assign "^4.1.1"

util-deprecate@^1.0.1, util-deprecate@~1.0.1:
  version "1.0.2"
  resolved "https://registry.npmjs.org/util-deprecate/-/util-deprecate-1.0.2.tgz"

util@0.10.3:
  version "0.10.3"
  resolved "https://registry.npmjs.org/util/-/util-0.10.3.tgz"
  dependencies:
    inherits "2.0.1"

util@^0.11.0:
  version "0.11.1"
  resolved "https://registry.npmjs.org/util/-/util-0.11.1.tgz"
  dependencies:
    inherits "2.0.3"

vfile-location@^3.0.0:
  version "3.0.1"
  resolved "https://registry.npmjs.org/vfile-location/-/vfile-location-3.0.1.tgz"

vfile-message@^2.0.0:
  version "2.0.4"
  resolved "https://registry.npmjs.org/vfile-message/-/vfile-message-2.0.4.tgz"
  dependencies:
    "@types/unist" "^2.0.0"
    unist-util-stringify-position "^2.0.0"

vfile@^4.0.0:
  version "4.1.1"
  resolved "https://registry.npmjs.org/vfile/-/vfile-4.1.1.tgz"
  dependencies:
    "@types/unist" "^2.0.0"
    is-buffer "^2.0.0"
    replace-ext "1.0.0"
    unist-util-stringify-position "^2.0.0"
    vfile-message "^2.0.0"

vm-browserify@1.1.2, vm-browserify@^1.0.1:
  version "1.1.2"
  resolved "https://registry.npmjs.org/vm-browserify/-/vm-browserify-1.1.2.tgz"

watchpack@2.1.1:
  version "2.1.1"
  resolved "https://registry.npmjs.org/watchpack/-/watchpack-2.1.1.tgz"
  dependencies:
    glob-to-regexp "^0.4.1"
    graceful-fs "^4.1.2"

webidl-conversions@^4.0.2:
  version "4.0.2"
  resolved "https://registry.npmjs.org/webidl-conversions/-/webidl-conversions-4.0.2.tgz"

whatwg-url@^7.0.0:
  version "7.1.0"
  resolved "https://registry.npmjs.org/whatwg-url/-/whatwg-url-7.1.0.tgz"
  dependencies:
    lodash.sortby "^4.7.0"
    tr46 "^1.0.1"
    webidl-conversions "^4.0.2"

xtend@^4.0.0, xtend@^4.0.1:
  version "4.0.2"
  resolved "https://registry.npmjs.org/xtend/-/xtend-4.0.2.tgz"

yocto-queue@^0.1.0:
  version "0.1.0"
  resolved "https://registry.npmjs.org/yocto-queue/-/yocto-queue-0.1.0.tgz"
